// !$*UTF8*$!
{
	archiveVersion = 1;
	classes = {
	};
	objectVersion = 46;
	objects = {

/* Begin PBXBuildFile section */
		DC40D01B1635B125008CA9BC /* SymbolResolver.cpp in Sources */ = {isa = PBXBuildFile; fileRef = DC40D0191635B125008CA9BC /* SymbolResolver.cpp */; };
		DC40D01F1635B4A0008CA9BC /* PEFSymbolResolver.cpp in Sources */ = {isa = PBXBuildFile; fileRef = DC40D01D1635B4A0008CA9BC /* PEFSymbolResolver.cpp */; };
		DC40D0261635CABE008CA9BC /* LibraryResolver.cpp in Sources */ = {isa = PBXBuildFile; fileRef = DC40D0241635CABE008CA9BC /* LibraryResolver.cpp */; };
		DC40D0291635CBD1008CA9BC /* PEFLibraryResolver.cpp in Sources */ = {isa = PBXBuildFile; fileRef = DC40D0271635CBD1008CA9BC /* PEFLibraryResolver.cpp */; };
		DC5E33C7163A496300944FFD /* FileMapping.cpp in Sources */ = {isa = PBXBuildFile; fileRef = DC5E33C5163A496300944FFD /* FileMapping.cpp */; };
		DC6847CB1638C258003E906D /* PEFRelocator.cpp in Sources */ = {isa = PBXBuildFile; fileRef = DC6847C91638C258003E906D /* PEFRelocator.cpp */; };
		DC72740416471CD800DA17E5 /* FloatingPointInstructions.cpp in Sources */ = {isa = PBXBuildFile; fileRef = DC7273F816471CD800DA17E5 /* FloatingPointInstructions.cpp */; };
		DC72740516471CD800DA17E5 /* IntegerInstructions.cpp in Sources */ = {isa = PBXBuildFile; fileRef = DC7273FC16471CD800DA17E5 /* IntegerInstructions.cpp */; };
		DC72740616471CD800DA17E5 /* Interpreter.cpp in Sources */ = {isa = PBXBuildFile; fileRef = DC7273FD16471CD800DA17E5 /* Interpreter.cpp */; };
		DC72740716471CD800DA17E5 /* LoadStoreInstructions.cpp in Sources */ = {isa = PBXBuildFile; fileRef = DC7273FF16471CD800DA17E5 /* LoadStoreInstructions.cpp */; };
		DC72740816471CD800DA17E5 /* SystemRegisterInstructions.cpp in Sources */ = {isa = PBXBuildFile; fileRef = DC72740016471CD800DA17E5 /* SystemRegisterInstructions.cpp */; };
		DC72740E1647225500DA17E5 /* TrapException.cpp in Sources */ = {isa = PBXBuildFile; fileRef = DC72740C1647225500DA17E5 /* TrapException.cpp */; };
		DC75BC381635AD8500F89EA1 /* FragmentManager.cpp in Sources */ = {isa = PBXBuildFile; fileRef = DC75BC361635AD8500F89EA1 /* FragmentManager.cpp */; };
		DC94F100163C4DA4004538C5 /* Unmangle.cpp in Sources */ = {isa = PBXBuildFile; fileRef = DC94F0FE163C4DA4004538C5 /* Unmangle.cpp */; };
		DC94F105163C7AE5004538C5 /* MathLib.mm in Sources */ = {isa = PBXBuildFile; fileRef = DC94F104163C7AE5004538C5 /* MathLib.mm */; };
		DC94F108163C80E9004538C5 /* SymbolResolutionException.cpp in Sources */ = {isa = PBXBuildFile; fileRef = DC94F106163C80E8004538C5 /* SymbolResolutionException.cpp */; };
		DC94F10B163CC232004538C5 /* LibraryResolutionException.cpp in Sources */ = {isa = PBXBuildFile; fileRef = DC94F109163CC231004538C5 /* LibraryResolutionException.cpp */; };
		DCA1E14E16438149008C3C8C /* ppc_disasm.c in Sources */ = {isa = PBXBuildFile; fileRef = DCA1E14D16438149008C3C8C /* ppc_disasm.c */; };
		DCA1E15116438152008C3C8C /* Disassembler.cpp in Sources */ = {isa = PBXBuildFile; fileRef = DCA1E14F16438152008C3C8C /* Disassembler.cpp */; };
		DCA6DBFA1638451400BFA046 /* IAllocator.cpp in Sources */ = {isa = PBXBuildFile; fileRef = DCA6DBF81638451400BFA046 /* IAllocator.cpp */; };
		DCA6DBFD1638460600BFA046 /* NativeAllocator.cpp in Sources */ = {isa = PBXBuildFile; fileRef = DCA6DBFB1638460600BFA046 /* NativeAllocator.cpp */; };
		DCB00B9F163B6DAD003C88CA /* MachineState.cpp in Sources */ = {isa = PBXBuildFile; fileRef = DCB00B9D163B6DAD003C88CA /* MachineState.cpp */; };
		DCB00BA7163BA8FD003C88CA /* BridgeLibraryResolver.mm in Sources */ = {isa = PBXBuildFile; fileRef = DCB00BA5163BA8FD003C88CA /* BridgeLibraryResolver.mm */; };
		DCB00BAF163BAA06003C88CA /* BridgeSymbolResolver.mm in Sources */ = {isa = PBXBuildFile; fileRef = DCB00BAD163BAA06003C88CA /* BridgeSymbolResolver.mm */; };
		DCB00BB2163BB9E1003C88CA /* PPCAllocator.mm in Sources */ = {isa = PBXBuildFile; fileRef = DCB00BB1163BB9E1003C88CA /* PPCAllocator.mm */; };
		DCC3DC3516338A7900792F4A /* main.cpp in Sources */ = {isa = PBXBuildFile; fileRef = DCC3DC3416338A7900792F4A /* main.cpp */; };
		DCC3DC3716338A7900792F4A /* pefdump.1 in CopyFiles */ = {isa = PBXBuildFile; fileRef = DCC3DC3616338A7900792F4A /* pefdump.1 */; };
		DCF359A816384E1400EC1A95 /* Container.cpp in Sources */ = {isa = PBXBuildFile; fileRef = DCF3599616384E1400EC1A95 /* Container.cpp */; };
		DCF359A916384E1400EC1A95 /* Export.cpp in Sources */ = {isa = PBXBuildFile; fileRef = DCF3599A16384E1400EC1A95 /* Export.cpp */; };
		DCF359AA16384E1400EC1A95 /* ImportedLibrary.cpp in Sources */ = {isa = PBXBuildFile; fileRef = DCF3599C16384E1400EC1A95 /* ImportedLibrary.cpp */; };
		DCF359AB16384E1400EC1A95 /* ImportedSymbol.cpp in Sources */ = {isa = PBXBuildFile; fileRef = DCF3599E16384E1400EC1A95 /* ImportedSymbol.cpp */; };
		DCF359AC16384E1400EC1A95 /* InstantiableSection.cpp in Sources */ = {isa = PBXBuildFile; fileRef = DCF359A016384E1400EC1A95 /* InstantiableSection.cpp */; };
		DCF359AD16384E1400EC1A95 /* LoaderSection.cpp in Sources */ = {isa = PBXBuildFile; fileRef = DCF359A216384E1400EC1A95 /* LoaderSection.cpp */; };
		DCF359AE16384E1400EC1A95 /* Relocation.cpp in Sources */ = {isa = PBXBuildFile; fileRef = DCF359A416384E1400EC1A95 /* Relocation.cpp */; };
		DCF359AF16384E1400EC1A95 /* Structures.cpp in Sources */ = {isa = PBXBuildFile; fileRef = DCF359A616384E1400EC1A95 /* Structures.cpp */; };
		DCFDF963163DD0EC004D499A /* StdCLib.mm in Sources */ = {isa = PBXBuildFile; fileRef = DCFDF962163DD0EC004D499A /* StdCLib.mm */; };
		DCFDF98D163DFE39004D499A /* AssemblerX86X64.cpp in Sources */ = {isa = PBXBuildFile; fileRef = DCFDF96E163DFE39004D499A /* AssemblerX86X64.cpp */; };
		DCFDF98E163DFE39004D499A /* CodeGenerator.cpp in Sources */ = {isa = PBXBuildFile; fileRef = DCFDF971163DFE39004D499A /* CodeGenerator.cpp */; };
		DCFDF98F163DFE39004D499A /* Compiler.cpp in Sources */ = {isa = PBXBuildFile; fileRef = DCFDF973163DFE39004D499A /* Compiler.cpp */; };
		DCFDF990163DFE39004D499A /* CompilerX86X64.cpp in Sources */ = {isa = PBXBuildFile; fileRef = DCFDF975163DFE39004D499A /* CompilerX86X64.cpp */; };
		DCFDF991163DFE39004D499A /* CpuInfo.cpp in Sources */ = {isa = PBXBuildFile; fileRef = DCFDF978163DFE39004D499A /* CpuInfo.cpp */; };
		DCFDF992163DFE39004D499A /* Defs.cpp in Sources */ = {isa = PBXBuildFile; fileRef = DCFDF97A163DFE39004D499A /* Defs.cpp */; };
		DCFDF993163DFE39004D499A /* DefsX86X64.cpp in Sources */ = {isa = PBXBuildFile; fileRef = DCFDF97C163DFE39004D499A /* DefsX86X64.cpp */; };
		DCFDF994163DFE39004D499A /* Logger.cpp in Sources */ = {isa = PBXBuildFile; fileRef = DCFDF97E163DFE39004D499A /* Logger.cpp */; };
		DCFDF995163DFE39004D499A /* MemoryManager.cpp in Sources */ = {isa = PBXBuildFile; fileRef = DCFDF980163DFE39004D499A /* MemoryManager.cpp */; };
		DCFDF996163DFE39004D499A /* MemoryMarker.cpp in Sources */ = {isa = PBXBuildFile; fileRef = DCFDF982163DFE39004D499A /* MemoryMarker.cpp */; };
		DCFDF997163DFE39004D499A /* OperandX86X64.cpp in Sources */ = {isa = PBXBuildFile; fileRef = DCFDF985163DFE39004D499A /* OperandX86X64.cpp */; };
		DCFDF998163DFE39004D499A /* Platform.cpp in Sources */ = {isa = PBXBuildFile; fileRef = DCFDF987163DFE39004D499A /* Platform.cpp */; };
		DCFDF999163DFE39004D499A /* Util.cpp in Sources */ = {isa = PBXBuildFile; fileRef = DCFDF98A163DFE39004D499A /* Util.cpp */; };
/* End PBXBuildFile section */

/* Begin PBXCopyFilesBuildPhase section */
		DCC3DC2E16338A7900792F4A /* CopyFiles */ = {
			isa = PBXCopyFilesBuildPhase;
			buildActionMask = 2147483647;
			dstPath = /usr/share/man/man1/;
			dstSubfolderSpec = 0;
			files = (
				DCC3DC3716338A7900792F4A /* pefdump.1 in CopyFiles */,
			);
			runOnlyForDeploymentPostprocessing = 1;
		};
/* End PBXCopyFilesBuildPhase section */

/* Begin PBXFileReference section */
		DC40D0191635B125008CA9BC /* SymbolResolver.cpp */ = {isa = PBXFileReference; fileEncoding = 4; lastKnownFileType = sourcecode.cpp.cpp; path = SymbolResolver.cpp; sourceTree = "<group>"; };
		DC40D01A1635B125008CA9BC /* SymbolResolver.h */ = {isa = PBXFileReference; fileEncoding = 4; lastKnownFileType = sourcecode.c.h; path = SymbolResolver.h; sourceTree = "<group>"; };
		DC40D01D1635B4A0008CA9BC /* PEFSymbolResolver.cpp */ = {isa = PBXFileReference; fileEncoding = 4; lastKnownFileType = sourcecode.cpp.cpp; path = PEFSymbolResolver.cpp; sourceTree = "<group>"; };
		DC40D01E1635B4A0008CA9BC /* PEFSymbolResolver.h */ = {isa = PBXFileReference; fileEncoding = 4; lastKnownFileType = sourcecode.c.h; path = PEFSymbolResolver.h; sourceTree = "<group>"; };
		DC40D0241635CABE008CA9BC /* LibraryResolver.cpp */ = {isa = PBXFileReference; fileEncoding = 4; lastKnownFileType = sourcecode.cpp.cpp; path = LibraryResolver.cpp; sourceTree = "<group>"; };
		DC40D0251635CABE008CA9BC /* LibraryResolver.h */ = {isa = PBXFileReference; fileEncoding = 4; lastKnownFileType = sourcecode.c.h; path = LibraryResolver.h; sourceTree = "<group>"; };
		DC40D0271635CBD1008CA9BC /* PEFLibraryResolver.cpp */ = {isa = PBXFileReference; fileEncoding = 4; lastKnownFileType = sourcecode.cpp.cpp; path = PEFLibraryResolver.cpp; sourceTree = "<group>"; };
		DC40D0281635CBD1008CA9BC /* PEFLibraryResolver.h */ = {isa = PBXFileReference; fileEncoding = 4; lastKnownFileType = sourcecode.c.h; path = PEFLibraryResolver.h; sourceTree = "<group>"; };
		DC5E33C5163A496300944FFD /* FileMapping.cpp */ = {isa = PBXFileReference; fileEncoding = 4; lastKnownFileType = sourcecode.cpp.cpp; path = FileMapping.cpp; sourceTree = "<group>"; };
		DC5E33C6163A496300944FFD /* FileMapping.h */ = {isa = PBXFileReference; fileEncoding = 4; lastKnownFileType = sourcecode.c.h; path = FileMapping.h; sourceTree = "<group>"; };
		DC6847C91638C258003E906D /* PEFRelocator.cpp */ = {isa = PBXFileReference; fileEncoding = 4; lastKnownFileType = sourcecode.cpp.cpp; path = PEFRelocator.cpp; sourceTree = "<group>"; };
		DC6847CA1638C258003E906D /* PEFRelocator.h */ = {isa = PBXFileReference; fileEncoding = 4; lastKnownFileType = sourcecode.c.h; path = PEFRelocator.h; sourceTree = "<group>"; };
		DC7273F816471CD800DA17E5 /* FloatingPointInstructions.cpp */ = {isa = PBXFileReference; fileEncoding = 4; lastKnownFileType = sourcecode.cpp.cpp; path = FloatingPointInstructions.cpp; sourceTree = "<group>"; };
		DC7273FC16471CD800DA17E5 /* IntegerInstructions.cpp */ = {isa = PBXFileReference; fileEncoding = 4; lastKnownFileType = sourcecode.cpp.cpp; path = IntegerInstructions.cpp; sourceTree = "<group>"; };
		DC7273FD16471CD800DA17E5 /* Interpreter.cpp */ = {isa = PBXFileReference; fileEncoding = 4; lastKnownFileType = sourcecode.cpp.cpp; path = Interpreter.cpp; sourceTree = "<group>"; };
		DC7273FE16471CD800DA17E5 /* Interpreter.h */ = {isa = PBXFileReference; fileEncoding = 4; lastKnownFileType = sourcecode.c.h; path = Interpreter.h; sourceTree = "<group>"; };
		DC7273FF16471CD800DA17E5 /* LoadStoreInstructions.cpp */ = {isa = PBXFileReference; fileEncoding = 4; lastKnownFileType = sourcecode.cpp.cpp; path = LoadStoreInstructions.cpp; sourceTree = "<group>"; };
		DC72740016471CD800DA17E5 /* SystemRegisterInstructions.cpp */ = {isa = PBXFileReference; fileEncoding = 4; lastKnownFileType = sourcecode.cpp.cpp; path = SystemRegisterInstructions.cpp; sourceTree = "<group>"; };
		DC72740A16471FF100DA17E5 /* InstructionDispatcher.h */ = {isa = PBXFileReference; lastKnownFileType = sourcecode.c.h; path = InstructionDispatcher.h; sourceTree = "<group>"; };
		DC72740B1647208800DA17E5 /* Instruction.h */ = {isa = PBXFileReference; lastKnownFileType = sourcecode.c.h; path = Instruction.h; sourceTree = "<group>"; };
		DC72740C1647225500DA17E5 /* TrapException.cpp */ = {isa = PBXFileReference; fileEncoding = 4; lastKnownFileType = sourcecode.cpp.cpp; path = TrapException.cpp; sourceTree = "<group>"; };
		DC72740D1647225500DA17E5 /* TrapException.h */ = {isa = PBXFileReference; fileEncoding = 4; lastKnownFileType = sourcecode.c.h; path = TrapException.h; sourceTree = "<group>"; };
		DC72740F1647350C00DA17E5 /* FloatingPointStatus.h */ = {isa = PBXFileReference; lastKnownFileType = sourcecode.c.h; path = FloatingPointStatus.h; sourceTree = "<group>"; };
		DC75BC361635AD8500F89EA1 /* FragmentManager.cpp */ = {isa = PBXFileReference; fileEncoding = 4; lastKnownFileType = sourcecode.cpp.cpp; path = FragmentManager.cpp; sourceTree = "<group>"; };
		DC75BC371635AD8500F89EA1 /* FragmentManager.h */ = {isa = PBXFileReference; fileEncoding = 4; lastKnownFileType = sourcecode.c.h; path = FragmentManager.h; sourceTree = "<group>"; };
		DC94F0FE163C4DA4004538C5 /* Unmangle.cpp */ = {isa = PBXFileReference; fileEncoding = 4; lastKnownFileType = sourcecode.cpp.cpp; path = Unmangle.cpp; sourceTree = "<group>"; };
		DC94F0FF163C4DA4004538C5 /* Unmangle.h */ = {isa = PBXFileReference; fileEncoding = 4; lastKnownFileType = sourcecode.c.h; path = Unmangle.h; sourceTree = "<group>"; };
		DC94F103163C7AE5004538C5 /* MathLib.h */ = {isa = PBXFileReference; fileEncoding = 4; lastKnownFileType = sourcecode.c.h; path = MathLib.h; sourceTree = "<group>"; };
		DC94F104163C7AE5004538C5 /* MathLib.mm */ = {isa = PBXFileReference; fileEncoding = 4; lastKnownFileType = sourcecode.cpp.objcpp; path = MathLib.mm; sourceTree = "<group>"; };
		DC94F106163C80E8004538C5 /* SymbolResolutionException.cpp */ = {isa = PBXFileReference; fileEncoding = 4; lastKnownFileType = sourcecode.cpp.cpp; path = SymbolResolutionException.cpp; sourceTree = "<group>"; };
		DC94F107163C80E8004538C5 /* SymbolResolutionException.h */ = {isa = PBXFileReference; fileEncoding = 4; lastKnownFileType = sourcecode.c.h; path = SymbolResolutionException.h; sourceTree = "<group>"; };
		DC94F109163CC231004538C5 /* LibraryResolutionException.cpp */ = {isa = PBXFileReference; fileEncoding = 4; lastKnownFileType = sourcecode.cpp.cpp; path = LibraryResolutionException.cpp; sourceTree = "<group>"; };
		DC94F10A163CC232004538C5 /* LibraryResolutionException.h */ = {isa = PBXFileReference; fileEncoding = 4; lastKnownFileType = sourcecode.c.h; path = LibraryResolutionException.h; sourceTree = "<group>"; };
		DCA1E14C16438149008C3C8C /* ppc_disasm.h */ = {isa = PBXFileReference; fileEncoding = 4; lastKnownFileType = sourcecode.c.h; path = ppc_disasm.h; sourceTree = "<group>"; };
		DCA1E14D16438149008C3C8C /* ppc_disasm.c */ = {isa = PBXFileReference; fileEncoding = 4; lastKnownFileType = sourcecode.c.c; path = ppc_disasm.c; sourceTree = "<group>"; };
		DCA1E14F16438152008C3C8C /* Disassembler.cpp */ = {isa = PBXFileReference; fileEncoding = 4; lastKnownFileType = sourcecode.cpp.cpp; path = Disassembler.cpp; sourceTree = "<group>"; };
		DCA1E15016438152008C3C8C /* Disassembler.h */ = {isa = PBXFileReference; fileEncoding = 4; lastKnownFileType = sourcecode.c.h; path = Disassembler.h; sourceTree = "<group>"; };
		DCA6DBF81638451400BFA046 /* IAllocator.cpp */ = {isa = PBXFileReference; fileEncoding = 4; lastKnownFileType = sourcecode.cpp.cpp; path = IAllocator.cpp; sourceTree = "<group>"; };
		DCA6DBF91638451400BFA046 /* IAllocator.h */ = {isa = PBXFileReference; fileEncoding = 4; lastKnownFileType = sourcecode.c.h; path = IAllocator.h; sourceTree = "<group>"; };
		DCA6DBFB1638460600BFA046 /* NativeAllocator.cpp */ = {isa = PBXFileReference; fileEncoding = 4; lastKnownFileType = sourcecode.cpp.cpp; path = NativeAllocator.cpp; sourceTree = "<group>"; };
		DCA6DBFC1638460600BFA046 /* NativeAllocator.h */ = {isa = PBXFileReference; fileEncoding = 4; lastKnownFileType = sourcecode.c.h; path = NativeAllocator.h; sourceTree = "<group>"; };
		DCB00B97163B6BBE003C88CA /* PPCLibrary.h */ = {isa = PBXFileReference; fileEncoding = 4; lastKnownFileType = sourcecode.c.h; path = PPCLibrary.h; sourceTree = "<group>"; };
		DCB00B9D163B6DAD003C88CA /* MachineState.cpp */ = {isa = PBXFileReference; fileEncoding = 4; lastKnownFileType = sourcecode.cpp.cpp; path = MachineState.cpp; sourceTree = "<group>"; };
		DCB00B9E163B6DAD003C88CA /* MachineState.h */ = {isa = PBXFileReference; fileEncoding = 4; lastKnownFileType = sourcecode.c.h; path = MachineState.h; sourceTree = "<group>"; };
		DCB00BA0163B933B003C88CA /* Endian.h */ = {isa = PBXFileReference; fileEncoding = 4; lastKnownFileType = sourcecode.c.h; path = Endian.h; sourceTree = "<group>"; };
		DCB00BA1163B9367003C88CA /* BigEndian.h */ = {isa = PBXFileReference; fileEncoding = 4; lastKnownFileType = sourcecode.c.h; path = BigEndian.h; sourceTree = "<group>"; };
		DCB00BA5163BA8FD003C88CA /* BridgeLibraryResolver.mm */ = {isa = PBXFileReference; fileEncoding = 4; lastKnownFileType = sourcecode.cpp.objcpp; path = BridgeLibraryResolver.mm; sourceTree = "<group>"; };
		DCB00BA6163BA8FD003C88CA /* BridgeLibraryResolver.h */ = {isa = PBXFileReference; fileEncoding = 4; lastKnownFileType = sourcecode.c.h; path = BridgeLibraryResolver.h; sourceTree = "<group>"; };
		DCB00BAD163BAA06003C88CA /* BridgeSymbolResolver.mm */ = {isa = PBXFileReference; fileEncoding = 4; lastKnownFileType = sourcecode.cpp.objcpp; path = BridgeSymbolResolver.mm; sourceTree = "<group>"; };
		DCB00BAE163BAA06003C88CA /* BridgeSymbolResolver.h */ = {isa = PBXFileReference; fileEncoding = 4; lastKnownFileType = sourcecode.c.h; path = BridgeSymbolResolver.h; sourceTree = "<group>"; };
		DCB00BB0163BB9E0003C88CA /* PPCAllocator.h */ = {isa = PBXFileReference; fileEncoding = 4; lastKnownFileType = sourcecode.c.h; path = PPCAllocator.h; sourceTree = "<group>"; };
		DCB00BB1163BB9E1003C88CA /* PPCAllocator.mm */ = {isa = PBXFileReference; fileEncoding = 4; lastKnownFileType = sourcecode.cpp.objcpp; path = PPCAllocator.mm; sourceTree = "<group>"; };
		DCC3DC3016338A7900792F4A /* pefdump */ = {isa = PBXFileReference; explicitFileType = "compiled.mach-o.executable"; includeInIndex = 0; path = pefdump; sourceTree = BUILT_PRODUCTS_DIR; };
		DCC3DC3416338A7900792F4A /* main.cpp */ = {isa = PBXFileReference; lastKnownFileType = sourcecode.cpp.cpp; path = main.cpp; sourceTree = "<group>"; };
		DCC3DC3616338A7900792F4A /* pefdump.1 */ = {isa = PBXFileReference; lastKnownFileType = text.man; path = pefdump.1; sourceTree = "<group>"; };
		DCF3599616384E1400EC1A95 /* Container.cpp */ = {isa = PBXFileReference; fileEncoding = 4; lastKnownFileType = sourcecode.cpp.cpp; path = Container.cpp; sourceTree = "<group>"; };
		DCF3599716384E1400EC1A95 /* Container.h */ = {isa = PBXFileReference; fileEncoding = 4; lastKnownFileType = sourcecode.c.h; path = Container.h; sourceTree = "<group>"; };
		DCF3599A16384E1400EC1A95 /* Export.cpp */ = {isa = PBXFileReference; fileEncoding = 4; lastKnownFileType = sourcecode.cpp.cpp; path = Export.cpp; sourceTree = "<group>"; };
		DCF3599B16384E1400EC1A95 /* Export.h */ = {isa = PBXFileReference; fileEncoding = 4; lastKnownFileType = sourcecode.c.h; path = Export.h; sourceTree = "<group>"; };
		DCF3599C16384E1400EC1A95 /* ImportedLibrary.cpp */ = {isa = PBXFileReference; fileEncoding = 4; lastKnownFileType = sourcecode.cpp.cpp; path = ImportedLibrary.cpp; sourceTree = "<group>"; };
		DCF3599D16384E1400EC1A95 /* ImportedLibrary.h */ = {isa = PBXFileReference; fileEncoding = 4; lastKnownFileType = sourcecode.c.h; path = ImportedLibrary.h; sourceTree = "<group>"; };
		DCF3599E16384E1400EC1A95 /* ImportedSymbol.cpp */ = {isa = PBXFileReference; fileEncoding = 4; lastKnownFileType = sourcecode.cpp.cpp; path = ImportedSymbol.cpp; sourceTree = "<group>"; };
		DCF3599F16384E1400EC1A95 /* ImportedSymbol.h */ = {isa = PBXFileReference; fileEncoding = 4; lastKnownFileType = sourcecode.c.h; path = ImportedSymbol.h; sourceTree = "<group>"; };
		DCF359A016384E1400EC1A95 /* InstantiableSection.cpp */ = {isa = PBXFileReference; fileEncoding = 4; lastKnownFileType = sourcecode.cpp.cpp; path = InstantiableSection.cpp; sourceTree = "<group>"; };
		DCF359A116384E1400EC1A95 /* InstantiableSection.h */ = {isa = PBXFileReference; fileEncoding = 4; lastKnownFileType = sourcecode.c.h; path = InstantiableSection.h; sourceTree = "<group>"; };
		DCF359A216384E1400EC1A95 /* LoaderSection.cpp */ = {isa = PBXFileReference; fileEncoding = 4; lastKnownFileType = sourcecode.cpp.cpp; path = LoaderSection.cpp; sourceTree = "<group>"; };
		DCF359A316384E1400EC1A95 /* LoaderSection.h */ = {isa = PBXFileReference; fileEncoding = 4; lastKnownFileType = sourcecode.c.h; path = LoaderSection.h; sourceTree = "<group>"; };
		DCF359A416384E1400EC1A95 /* Relocation.cpp */ = {isa = PBXFileReference; fileEncoding = 4; lastKnownFileType = sourcecode.cpp.cpp; path = Relocation.cpp; sourceTree = "<group>"; };
		DCF359A516384E1400EC1A95 /* Relocation.h */ = {isa = PBXFileReference; fileEncoding = 4; lastKnownFileType = sourcecode.c.h; path = Relocation.h; sourceTree = "<group>"; };
		DCF359A616384E1400EC1A95 /* Structures.cpp */ = {isa = PBXFileReference; fileEncoding = 4; lastKnownFileType = sourcecode.cpp.cpp; path = Structures.cpp; sourceTree = "<group>"; };
		DCF359A716384E1400EC1A95 /* Structures.h */ = {isa = PBXFileReference; fileEncoding = 4; lastKnownFileType = sourcecode.c.h; path = Structures.h; sourceTree = "<group>"; };
		DCFDF961163DD0EC004D499A /* StdCLib.h */ = {isa = PBXFileReference; fileEncoding = 4; lastKnownFileType = sourcecode.c.h; path = StdCLib.h; sourceTree = "<group>"; };
		DCFDF962163DD0EC004D499A /* StdCLib.mm */ = {isa = PBXFileReference; fileEncoding = 4; lastKnownFileType = sourcecode.cpp.objcpp; path = StdCLib.mm; sourceTree = "<group>"; };
		DCFDF96A163DFE39004D499A /* ApiBegin.h */ = {isa = PBXFileReference; fileEncoding = 4; lastKnownFileType = sourcecode.c.h; path = ApiBegin.h; sourceTree = "<group>"; };
		DCFDF96B163DFE39004D499A /* ApiEnd.h */ = {isa = PBXFileReference; fileEncoding = 4; lastKnownFileType = sourcecode.c.h; path = ApiEnd.h; sourceTree = "<group>"; };
		DCFDF96C163DFE39004D499A /* AsmJit.h */ = {isa = PBXFileReference; fileEncoding = 4; lastKnownFileType = sourcecode.c.h; path = AsmJit.h; sourceTree = "<group>"; };
		DCFDF96D163DFE39004D499A /* Assembler.h */ = {isa = PBXFileReference; fileEncoding = 4; lastKnownFileType = sourcecode.c.h; path = Assembler.h; sourceTree = "<group>"; };
		DCFDF96E163DFE39004D499A /* AssemblerX86X64.cpp */ = {isa = PBXFileReference; fileEncoding = 4; lastKnownFileType = sourcecode.cpp.cpp; path = AssemblerX86X64.cpp; sourceTree = "<group>"; };
		DCFDF96F163DFE39004D499A /* AssemblerX86X64.h */ = {isa = PBXFileReference; fileEncoding = 4; lastKnownFileType = sourcecode.c.h; path = AssemblerX86X64.h; sourceTree = "<group>"; };
		DCFDF970163DFE39004D499A /* Build.h */ = {isa = PBXFileReference; fileEncoding = 4; lastKnownFileType = sourcecode.c.h; path = Build.h; sourceTree = "<group>"; };
		DCFDF971163DFE39004D499A /* CodeGenerator.cpp */ = {isa = PBXFileReference; fileEncoding = 4; lastKnownFileType = sourcecode.cpp.cpp; path = CodeGenerator.cpp; sourceTree = "<group>"; };
		DCFDF972163DFE39004D499A /* CodeGenerator.h */ = {isa = PBXFileReference; fileEncoding = 4; lastKnownFileType = sourcecode.c.h; path = CodeGenerator.h; sourceTree = "<group>"; };
		DCFDF973163DFE39004D499A /* Compiler.cpp */ = {isa = PBXFileReference; fileEncoding = 4; lastKnownFileType = sourcecode.cpp.cpp; path = Compiler.cpp; sourceTree = "<group>"; };
		DCFDF974163DFE39004D499A /* Compiler.h */ = {isa = PBXFileReference; fileEncoding = 4; lastKnownFileType = sourcecode.c.h; path = Compiler.h; sourceTree = "<group>"; };
		DCFDF975163DFE39004D499A /* CompilerX86X64.cpp */ = {isa = PBXFileReference; fileEncoding = 4; lastKnownFileType = sourcecode.cpp.cpp; path = CompilerX86X64.cpp; sourceTree = "<group>"; };
		DCFDF976163DFE39004D499A /* CompilerX86X64.h */ = {isa = PBXFileReference; fileEncoding = 4; lastKnownFileType = sourcecode.c.h; path = CompilerX86X64.h; sourceTree = "<group>"; };
		DCFDF977163DFE39004D499A /* Config.h */ = {isa = PBXFileReference; fileEncoding = 4; lastKnownFileType = sourcecode.c.h; path = Config.h; sourceTree = "<group>"; };
		DCFDF978163DFE39004D499A /* CpuInfo.cpp */ = {isa = PBXFileReference; fileEncoding = 4; lastKnownFileType = sourcecode.cpp.cpp; path = CpuInfo.cpp; sourceTree = "<group>"; };
		DCFDF979163DFE39004D499A /* CpuInfo.h */ = {isa = PBXFileReference; fileEncoding = 4; lastKnownFileType = sourcecode.c.h; path = CpuInfo.h; sourceTree = "<group>"; };
		DCFDF97A163DFE39004D499A /* Defs.cpp */ = {isa = PBXFileReference; fileEncoding = 4; lastKnownFileType = sourcecode.cpp.cpp; path = Defs.cpp; sourceTree = "<group>"; };
		DCFDF97B163DFE39004D499A /* Defs.h */ = {isa = PBXFileReference; fileEncoding = 4; lastKnownFileType = sourcecode.c.h; path = Defs.h; sourceTree = "<group>"; };
		DCFDF97C163DFE39004D499A /* DefsX86X64.cpp */ = {isa = PBXFileReference; fileEncoding = 4; lastKnownFileType = sourcecode.cpp.cpp; path = DefsX86X64.cpp; sourceTree = "<group>"; };
		DCFDF97D163DFE39004D499A /* DefsX86X64.h */ = {isa = PBXFileReference; fileEncoding = 4; lastKnownFileType = sourcecode.c.h; path = DefsX86X64.h; sourceTree = "<group>"; };
		DCFDF97E163DFE39004D499A /* Logger.cpp */ = {isa = PBXFileReference; fileEncoding = 4; lastKnownFileType = sourcecode.cpp.cpp; path = Logger.cpp; sourceTree = "<group>"; };
		DCFDF97F163DFE39004D499A /* Logger.h */ = {isa = PBXFileReference; fileEncoding = 4; lastKnownFileType = sourcecode.c.h; path = Logger.h; sourceTree = "<group>"; };
		DCFDF980163DFE39004D499A /* MemoryManager.cpp */ = {isa = PBXFileReference; fileEncoding = 4; lastKnownFileType = sourcecode.cpp.cpp; path = MemoryManager.cpp; sourceTree = "<group>"; };
		DCFDF981163DFE39004D499A /* MemoryManager.h */ = {isa = PBXFileReference; fileEncoding = 4; lastKnownFileType = sourcecode.c.h; path = MemoryManager.h; sourceTree = "<group>"; };
		DCFDF982163DFE39004D499A /* MemoryMarker.cpp */ = {isa = PBXFileReference; fileEncoding = 4; lastKnownFileType = sourcecode.cpp.cpp; path = MemoryMarker.cpp; sourceTree = "<group>"; };
		DCFDF983163DFE39004D499A /* MemoryMarker.h */ = {isa = PBXFileReference; fileEncoding = 4; lastKnownFileType = sourcecode.c.h; path = MemoryMarker.h; sourceTree = "<group>"; };
		DCFDF984163DFE39004D499A /* Operand.h */ = {isa = PBXFileReference; fileEncoding = 4; lastKnownFileType = sourcecode.c.h; path = Operand.h; sourceTree = "<group>"; };
		DCFDF985163DFE39004D499A /* OperandX86X64.cpp */ = {isa = PBXFileReference; fileEncoding = 4; lastKnownFileType = sourcecode.cpp.cpp; path = OperandX86X64.cpp; sourceTree = "<group>"; };
		DCFDF986163DFE39004D499A /* OperandX86X64.h */ = {isa = PBXFileReference; fileEncoding = 4; lastKnownFileType = sourcecode.c.h; path = OperandX86X64.h; sourceTree = "<group>"; };
		DCFDF987163DFE39004D499A /* Platform.cpp */ = {isa = PBXFileReference; fileEncoding = 4; lastKnownFileType = sourcecode.cpp.cpp; path = Platform.cpp; sourceTree = "<group>"; };
		DCFDF988163DFE39004D499A /* Platform.h */ = {isa = PBXFileReference; fileEncoding = 4; lastKnownFileType = sourcecode.c.h; path = Platform.h; sourceTree = "<group>"; };
		DCFDF989163DFE39004D499A /* Regenerate.py */ = {isa = PBXFileReference; fileEncoding = 4; lastKnownFileType = text.script.python; path = Regenerate.py; sourceTree = "<group>"; };
		DCFDF98A163DFE39004D499A /* Util.cpp */ = {isa = PBXFileReference; fileEncoding = 4; lastKnownFileType = sourcecode.cpp.cpp; path = Util.cpp; sourceTree = "<group>"; };
		DCFDF98B163DFE39004D499A /* Util.h */ = {isa = PBXFileReference; fileEncoding = 4; lastKnownFileType = sourcecode.c.h; path = Util.h; sourceTree = "<group>"; };
		DCFDF98C163DFE39004D499A /* Util_p.h */ = {isa = PBXFileReference; fileEncoding = 4; lastKnownFileType = sourcecode.c.h; path = Util_p.h; sourceTree = "<group>"; };
/* End PBXFileReference section */

/* Begin PBXFrameworksBuildPhase section */
		DCC3DC2D16338A7900792F4A /* Frameworks */ = {
			isa = PBXFrameworksBuildPhase;
			buildActionMask = 2147483647;
			files = (
			);
			runOnlyForDeploymentPostprocessing = 0;
		};
/* End PBXFrameworksBuildPhase section */

/* Begin PBXGroup section */
		DC7273E316471CB300DA17E5 /* Interpreter */ = {
			isa = PBXGroup;
			children = (
				DC7273F816471CD800DA17E5 /* FloatingPointInstructions.cpp */,
				DC7273FC16471CD800DA17E5 /* IntegerInstructions.cpp */,
				DC7273FD16471CD800DA17E5 /* Interpreter.cpp */,
				DC7273FE16471CD800DA17E5 /* Interpreter.h */,
				DC7273FF16471CD800DA17E5 /* LoadStoreInstructions.cpp */,
				DC72740016471CD800DA17E5 /* SystemRegisterInstructions.cpp */,
			);
			path = Interpreter;
			sourceTree = "<group>";
		};
		DC82A9B91636F4E100EAEDCD /* PPCVM */ = {
			isa = PBXGroup;
			children = (
				DC72740F1647350C00DA17E5 /* FloatingPointStatus.h */,
				DC72740A16471FF100DA17E5 /* InstructionDispatcher.h */,
				DC72740B1647208800DA17E5 /* Instruction.h */,
				DCB00B9D163B6DAD003C88CA /* MachineState.cpp */,
				DCB00B9E163B6DAD003C88CA /* MachineState.h */,
				DCA1E14916437D08008C3C8C /* Execution */,
				DCA1E14B1643810E008C3C8C /* Disassembler */,
			);
			path = PPCVM;
			sourceTree = "<group>";
		};
		DC84561F1634B7C6001E49E2 /* PEF */ = {
			isa = PBXGroup;
			children = (
				DCF3599616384E1400EC1A95 /* Container.cpp */,
				DCF3599716384E1400EC1A95 /* Container.h */,
				DCF3599A16384E1400EC1A95 /* Export.cpp */,
				DCF3599B16384E1400EC1A95 /* Export.h */,
				DCF3599C16384E1400EC1A95 /* ImportedLibrary.cpp */,
				DCF3599D16384E1400EC1A95 /* ImportedLibrary.h */,
				DCF3599E16384E1400EC1A95 /* ImportedSymbol.cpp */,
				DCF3599F16384E1400EC1A95 /* ImportedSymbol.h */,
				DCF359A016384E1400EC1A95 /* InstantiableSection.cpp */,
				DCF359A116384E1400EC1A95 /* InstantiableSection.h */,
				DCF359A216384E1400EC1A95 /* LoaderSection.cpp */,
				DCF359A316384E1400EC1A95 /* LoaderSection.h */,
				DCF359A416384E1400EC1A95 /* Relocation.cpp */,
				DCF359A516384E1400EC1A95 /* Relocation.h */,
				DCF359A616384E1400EC1A95 /* Structures.cpp */,
				DCF359A716384E1400EC1A95 /* Structures.h */,
			);
			path = PEF;
			sourceTree = "<group>";
		};
		DC8456231634C00A001E49E2 /* CFM */ = {
			isa = PBXGroup;
			children = (
				DC75BC361635AD8500F89EA1 /* FragmentManager.cpp */,
				DC75BC371635AD8500F89EA1 /* FragmentManager.h */,
				DC40D0191635B125008CA9BC /* SymbolResolver.cpp */,
				DC40D01A1635B125008CA9BC /* SymbolResolver.h */,
				DC40D0241635CABE008CA9BC /* LibraryResolver.cpp */,
				DC40D0251635CABE008CA9BC /* LibraryResolver.h */,
				DC40D01D1635B4A0008CA9BC /* PEFSymbolResolver.cpp */,
				DC40D01E1635B4A0008CA9BC /* PEFSymbolResolver.h */,
				DC40D0271635CBD1008CA9BC /* PEFLibraryResolver.cpp */,
				DC40D0281635CBD1008CA9BC /* PEFLibraryResolver.h */,
				DC6847C91638C258003E906D /* PEFRelocator.cpp */,
				DC6847CA1638C258003E906D /* PEFRelocator.h */,
				DC94F106163C80E8004538C5 /* SymbolResolutionException.cpp */,
				DC94F107163C80E8004538C5 /* SymbolResolutionException.h */,
				DC94F109163CC231004538C5 /* LibraryResolutionException.cpp */,
				DC94F10A163CC232004538C5 /* LibraryResolutionException.h */,
			);
			path = CFM;
			sourceTree = "<group>";
		};
		DC94F102163C7AC1004538C5 /* Implementation */ = {
			isa = PBXGroup;
			children = (
				DC94F103163C7AE5004538C5 /* MathLib.h */,
				DC94F104163C7AE5004538C5 /* MathLib.mm */,
				DCFDF961163DD0EC004D499A /* StdCLib.h */,
				DCFDF962163DD0EC004D499A /* StdCLib.mm */,
			);
			path = Implementation;
			sourceTree = "<group>";
		};
		DCA1E14916437D08008C3C8C /* Execution */ = {
			isa = PBXGroup;
			children = (
				DC72740C1647225500DA17E5 /* TrapException.cpp */,
				DC72740D1647225500DA17E5 /* TrapException.h */,
				DC7273E316471CB300DA17E5 /* Interpreter */,
			);
			name = Execution;
			sourceTree = "<group>";
		};
		DCA1E14B1643810E008C3C8C /* Disassembler */ = {
			isa = PBXGroup;
			children = (
				DCA1E14F16438152008C3C8C /* Disassembler.cpp */,
				DCA1E15016438152008C3C8C /* Disassembler.h */,
				DCA1E14C16438149008C3C8C /* ppc_disasm.h */,
				DCA1E14D16438149008C3C8C /* ppc_disasm.c */,
			);
			path = Disassembler;
			sourceTree = "<group>";
		};
		DCA6DBF61638450000BFA046 /* Common */ = {
			isa = PBXGroup;
			children = (
				DCB00BA1163B9367003C88CA /* BigEndian.h */,
				DCB00BA0163B933B003C88CA /* Endian.h */,
				DC5E33C5163A496300944FFD /* FileMapping.cpp */,
				DC5E33C6163A496300944FFD /* FileMapping.h */,
				DCA6DBF81638451400BFA046 /* IAllocator.cpp */,
				DCA6DBF91638451400BFA046 /* IAllocator.h */,
				DCA6DBFB1638460600BFA046 /* NativeAllocator.cpp */,
				DCA6DBFC1638460600BFA046 /* NativeAllocator.h */,
				DC94F0FE163C4DA4004538C5 /* Unmangle.cpp */,
				DC94F0FF163C4DA4004538C5 /* Unmangle.h */,
			);
			path = Common;
			sourceTree = "<group>";
		};
		DCB00B95163B6B76003C88CA /* Libraries */ = {
			isa = PBXGroup;
			children = (
				DCB00BA5163BA8FD003C88CA /* BridgeLibraryResolver.mm */,
				DCB00BA6163BA8FD003C88CA /* BridgeLibraryResolver.h */,
				DCB00BAD163BAA06003C88CA /* BridgeSymbolResolver.mm */,
				DCB00BAE163BAA06003C88CA /* BridgeSymbolResolver.h */,
				DCB00BB3163BB9E7003C88CA /* ObjC */,
			);
			path = Libraries;
			sourceTree = "<group>";
		};
		DCB00BB3163BB9E7003C88CA /* ObjC */ = {
			isa = PBXGroup;
			children = (
				DC94F102163C7AC1004538C5 /* Implementation */,
				DCB00B97163B6BBE003C88CA /* PPCLibrary.h */,
				DCB00BB0163BB9E0003C88CA /* PPCAllocator.h */,
				DCB00BB1163BB9E1003C88CA /* PPCAllocator.mm */,
			);
			name = ObjC;
			sourceTree = "<group>";
		};
		DCC3DC2516338A7900792F4A = {
			isa = PBXGroup;
			children = (
				DCC3DC3316338A7900792F4A /* pefdump */,
				DCC3DC3116338A7900792F4A /* Products */,
			);
			sourceTree = "<group>";
		};
		DCC3DC3116338A7900792F4A /* Products */ = {
			isa = PBXGroup;
			children = (
				DCC3DC3016338A7900792F4A /* pefdump */,
			);
			name = Products;
			sourceTree = "<group>";
		};
		DCC3DC3316338A7900792F4A /* pefdump */ = {
			isa = PBXGroup;
			children = (
				DCC3DC3416338A7900792F4A /* main.cpp */,
				DCC3DC3616338A7900792F4A /* pefdump.1 */,
				DCA6DBF61638450000BFA046 /* Common */,
				DC84561F1634B7C6001E49E2 /* PEF */,
				DC8456231634C00A001E49E2 /* CFM */,
				DC82A9B91636F4E100EAEDCD /* PPCVM */,
				DCB00B95163B6B76003C88CA /* Libraries */,
				DCFDF969163DFE39004D499A /* AsmJit */,
			);
			path = pefdump;
			sourceTree = "<group>";
		};
		DCFDF969163DFE39004D499A /* AsmJit */ = {
			isa = PBXGroup;
			children = (
				DCFDF96A163DFE39004D499A /* ApiBegin.h */,
				DCFDF96B163DFE39004D499A /* ApiEnd.h */,
				DCFDF96C163DFE39004D499A /* AsmJit.h */,
				DCFDF96D163DFE39004D499A /* Assembler.h */,
				DCFDF96E163DFE39004D499A /* AssemblerX86X64.cpp */,
				DCFDF96F163DFE39004D499A /* AssemblerX86X64.h */,
				DCFDF970163DFE39004D499A /* Build.h */,
				DCFDF971163DFE39004D499A /* CodeGenerator.cpp */,
				DCFDF972163DFE39004D499A /* CodeGenerator.h */,
				DCFDF973163DFE39004D499A /* Compiler.cpp */,
				DCFDF974163DFE39004D499A /* Compiler.h */,
				DCFDF975163DFE39004D499A /* CompilerX86X64.cpp */,
				DCFDF976163DFE39004D499A /* CompilerX86X64.h */,
				DCFDF977163DFE39004D499A /* Config.h */,
				DCFDF978163DFE39004D499A /* CpuInfo.cpp */,
				DCFDF979163DFE39004D499A /* CpuInfo.h */,
				DCFDF97A163DFE39004D499A /* Defs.cpp */,
				DCFDF97B163DFE39004D499A /* Defs.h */,
				DCFDF97C163DFE39004D499A /* DefsX86X64.cpp */,
				DCFDF97D163DFE39004D499A /* DefsX86X64.h */,
				DCFDF97E163DFE39004D499A /* Logger.cpp */,
				DCFDF97F163DFE39004D499A /* Logger.h */,
				DCFDF980163DFE39004D499A /* MemoryManager.cpp */,
				DCFDF981163DFE39004D499A /* MemoryManager.h */,
				DCFDF982163DFE39004D499A /* MemoryMarker.cpp */,
				DCFDF983163DFE39004D499A /* MemoryMarker.h */,
				DCFDF984163DFE39004D499A /* Operand.h */,
				DCFDF985163DFE39004D499A /* OperandX86X64.cpp */,
				DCFDF986163DFE39004D499A /* OperandX86X64.h */,
				DCFDF987163DFE39004D499A /* Platform.cpp */,
				DCFDF988163DFE39004D499A /* Platform.h */,
				DCFDF989163DFE39004D499A /* Regenerate.py */,
				DCFDF98A163DFE39004D499A /* Util.cpp */,
				DCFDF98B163DFE39004D499A /* Util.h */,
				DCFDF98C163DFE39004D499A /* Util_p.h */,
			);
			path = AsmJit;
			sourceTree = "<group>";
		};
/* End PBXGroup section */

/* Begin PBXNativeTarget section */
		DCC3DC2F16338A7900792F4A /* pefdump */ = {
			isa = PBXNativeTarget;
			buildConfigurationList = DCC3DC3A16338A7900792F4A /* Build configuration list for PBXNativeTarget "pefdump" */;
			buildPhases = (
				DCC3DC2C16338A7900792F4A /* Sources */,
				DCC3DC2D16338A7900792F4A /* Frameworks */,
				DCC3DC2E16338A7900792F4A /* CopyFiles */,
			);
			buildRules = (
			);
			dependencies = (
			);
			name = pefdump;
			productName = pefdump;
			productReference = DCC3DC3016338A7900792F4A /* pefdump */;
			productType = "com.apple.product-type.tool";
		};
/* End PBXNativeTarget section */

/* Begin PBXProject section */
		DCC3DC2716338A7900792F4A /* Project object */ = {
			isa = PBXProject;
			attributes = {
				LastUpgradeCheck = 0450;
				ORGANIZATIONNAME = "Félix";
			};
			buildConfigurationList = DCC3DC2A16338A7900792F4A /* Build configuration list for PBXProject "pefdump" */;
			compatibilityVersion = "Xcode 3.2";
			developmentRegion = English;
			hasScannedForEncodings = 0;
			knownRegions = (
				en,
			);
			mainGroup = DCC3DC2516338A7900792F4A;
			productRefGroup = DCC3DC3116338A7900792F4A /* Products */;
			projectDirPath = "";
			projectRoot = "";
			targets = (
				DCC3DC2F16338A7900792F4A /* pefdump */,
			);
		};
/* End PBXProject section */

/* Begin PBXSourcesBuildPhase section */
		DCC3DC2C16338A7900792F4A /* Sources */ = {
			isa = PBXSourcesBuildPhase;
			buildActionMask = 2147483647;
			files = (
				DCC3DC3516338A7900792F4A /* main.cpp in Sources */,
				DC75BC381635AD8500F89EA1 /* FragmentManager.cpp in Sources */,
				DC40D01B1635B125008CA9BC /* SymbolResolver.cpp in Sources */,
				DC40D01F1635B4A0008CA9BC /* PEFSymbolResolver.cpp in Sources */,
				DC40D0261635CABE008CA9BC /* LibraryResolver.cpp in Sources */,
				DC40D0291635CBD1008CA9BC /* PEFLibraryResolver.cpp in Sources */,
				DCA6DBFA1638451400BFA046 /* IAllocator.cpp in Sources */,
				DCA6DBFD1638460600BFA046 /* NativeAllocator.cpp in Sources */,
				DCF359A816384E1400EC1A95 /* Container.cpp in Sources */,
				DCF359A916384E1400EC1A95 /* Export.cpp in Sources */,
				DCF359AA16384E1400EC1A95 /* ImportedLibrary.cpp in Sources */,
				DCF359AB16384E1400EC1A95 /* ImportedSymbol.cpp in Sources */,
				DCF359AC16384E1400EC1A95 /* InstantiableSection.cpp in Sources */,
				DCF359AD16384E1400EC1A95 /* LoaderSection.cpp in Sources */,
				DCF359AE16384E1400EC1A95 /* Relocation.cpp in Sources */,
				DCF359AF16384E1400EC1A95 /* Structures.cpp in Sources */,
				DC6847CB1638C258003E906D /* PEFRelocator.cpp in Sources */,
				DC5E33C7163A496300944FFD /* FileMapping.cpp in Sources */,
				DCB00B9F163B6DAD003C88CA /* MachineState.cpp in Sources */,
				DCB00BA7163BA8FD003C88CA /* BridgeLibraryResolver.mm in Sources */,
				DCB00BAF163BAA06003C88CA /* BridgeSymbolResolver.mm in Sources */,
				DCB00BB2163BB9E1003C88CA /* PPCAllocator.mm in Sources */,
				DC94F100163C4DA4004538C5 /* Unmangle.cpp in Sources */,
				DC94F105163C7AE5004538C5 /* MathLib.mm in Sources */,
				DC94F108163C80E9004538C5 /* SymbolResolutionException.cpp in Sources */,
				DC94F10B163CC232004538C5 /* LibraryResolutionException.cpp in Sources */,
				DCFDF963163DD0EC004D499A /* StdCLib.mm in Sources */,
				DCFDF98D163DFE39004D499A /* AssemblerX86X64.cpp in Sources */,
				DCFDF98E163DFE39004D499A /* CodeGenerator.cpp in Sources */,
				DCFDF98F163DFE39004D499A /* Compiler.cpp in Sources */,
				DCFDF990163DFE39004D499A /* CompilerX86X64.cpp in Sources */,
				DCFDF991163DFE39004D499A /* CpuInfo.cpp in Sources */,
				DCFDF992163DFE39004D499A /* Defs.cpp in Sources */,
				DCFDF993163DFE39004D499A /* DefsX86X64.cpp in Sources */,
				DCFDF994163DFE39004D499A /* Logger.cpp in Sources */,
				DCFDF995163DFE39004D499A /* MemoryManager.cpp in Sources */,
				DCFDF996163DFE39004D499A /* MemoryMarker.cpp in Sources */,
				DCFDF997163DFE39004D499A /* OperandX86X64.cpp in Sources */,
				DCFDF998163DFE39004D499A /* Platform.cpp in Sources */,
				DCFDF999163DFE39004D499A /* Util.cpp in Sources */,
				DCA1E14E16438149008C3C8C /* ppc_disasm.c in Sources */,
				DCA1E15116438152008C3C8C /* Disassembler.cpp in Sources */,
				DC72740416471CD800DA17E5 /* FloatingPointInstructions.cpp in Sources */,
				DC72740516471CD800DA17E5 /* IntegerInstructions.cpp in Sources */,
				DC72740616471CD800DA17E5 /* Interpreter.cpp in Sources */,
				DC72740716471CD800DA17E5 /* LoadStoreInstructions.cpp in Sources */,
				DC72740816471CD800DA17E5 /* SystemRegisterInstructions.cpp in Sources */,
				DC72740E1647225500DA17E5 /* TrapException.cpp in Sources */,
			);
			runOnlyForDeploymentPostprocessing = 0;
		};
/* End PBXSourcesBuildPhase section */

/* Begin XCBuildConfiguration section */
		DCC3DC3816338A7900792F4A /* Debug */ = {
			isa = XCBuildConfiguration;
			buildSettings = {
				ALWAYS_SEARCH_USER_PATHS = NO;
				ARCHS = "$(ARCHS_STANDARD_32_BIT)";
				CLANG_CXX_LANGUAGE_STANDARD = "gnu++0x";
				CLANG_CXX_LIBRARY = "libc++";
				CLANG_WARN_EMPTY_BODY = YES;
				CLANG_WARN__DUPLICATE_METHOD_MATCH = YES;
				COPY_PHASE_STRIP = NO;
				GCC_C_LANGUAGE_STANDARD = gnu99;
				GCC_DYNAMIC_NO_PIC = NO;
				GCC_ENABLE_OBJC_EXCEPTIONS = YES;
				GCC_OPTIMIZATION_LEVEL = 0;
				GCC_PREPROCESSOR_DEFINITIONS = (
					"DEBUG=1",
					"$(inherited)",
				);
				GCC_SYMBOLS_PRIVATE_EXTERN = NO;
				GCC_WARN_64_TO_32_BIT_CONVERSION = YES;
				GCC_WARN_ABOUT_RETURN_TYPE = YES;
				GCC_WARN_UNINITIALIZED_AUTOS = YES;
				GCC_WARN_UNUSED_VARIABLE = YES;
				MACOSX_DEPLOYMENT_TARGET = 10.8;
				ONLY_ACTIVE_ARCH = YES;
				SDKROOT = macosx;
			};
			name = Debug;
		};
		DCC3DC3916338A7900792F4A /* Release */ = {
			isa = XCBuildConfiguration;
			buildSettings = {
				ALWAYS_SEARCH_USER_PATHS = NO;
				ARCHS = "$(ARCHS_STANDARD_32_BIT)";
				CLANG_CXX_LANGUAGE_STANDARD = "gnu++0x";
				CLANG_CXX_LIBRARY = "libc++";
				CLANG_WARN_EMPTY_BODY = YES;
				CLANG_WARN__DUPLICATE_METHOD_MATCH = YES;
				COPY_PHASE_STRIP = YES;
				DEBUG_INFORMATION_FORMAT = "dwarf-with-dsym";
				GCC_C_LANGUAGE_STANDARD = gnu99;
				GCC_ENABLE_OBJC_EXCEPTIONS = YES;
				GCC_WARN_64_TO_32_BIT_CONVERSION = YES;
				GCC_WARN_ABOUT_RETURN_TYPE = YES;
				GCC_WARN_UNINITIALIZED_AUTOS = YES;
				GCC_WARN_UNUSED_VARIABLE = YES;
				MACOSX_DEPLOYMENT_TARGET = 10.8;
				SDKROOT = macosx;
			};
			name = Release;
		};
		DCC3DC3B16338A7900792F4A /* Debug */ = {
			isa = XCBuildConfiguration;
			buildSettings = {
				ARCHS = "$(ARCHS_STANDARD_32_BIT)";
				GCC_VERSION = "";
				PRODUCT_NAME = "$(TARGET_NAME)";
				VALID_ARCHS = "i386 x86_64";
			};
			name = Debug;
		};
		DCC3DC3C16338A7900792F4A /* Release */ = {
			isa = XCBuildConfiguration;
			buildSettings = {
				ARCHS = "$(ARCHS_STANDARD_32_BIT)";
				GCC_VERSION = "";
				PRODUCT_NAME = "$(TARGET_NAME)";
				VALID_ARCHS = "i386 x86_64";
			};
			name = Release;
		};
/* End XCBuildConfiguration section */

/* Begin XCConfigurationList section */
		DCC3DC2A16338A7900792F4A /* Build configuration list for PBXProject "pefdump" */ = {
			isa = XCConfigurationList;
			buildConfigurations = (
				DCC3DC3816338A7900792F4A /* Debug */,
				DCC3DC3916338A7900792F4A /* Release */,
			);
			defaultConfigurationIsVisible = 0;
			defaultConfigurationName = Release;
		};
		DCC3DC3A16338A7900792F4A /* Build configuration list for PBXNativeTarget "pefdump" */ = {
			isa = XCConfigurationList;
			buildConfigurations = (
				DCC3DC3B16338A7900792F4A /* Debug */,
				DCC3DC3C16338A7900792F4A /* Release */,
			);
			defaultConfigurationIsVisible = 0;
			defaultConfigurationName = Release;
		};
/* End XCConfigurationList section */
	};
	rootObject = DCC3DC2716338A7900792F4A /* Project object */;
}
