// !$*UTF8*$!
{
	archiveVersion = 1;
	classes = {
	};
	objectVersion = 46;
	objects = {

/* Begin PBXBuildFile section */
		DC845615163465C7001E49E2 /* LoaderSection.cpp in Sources */ = {isa = PBXBuildFile; fileRef = DC845613163465C7001E49E2 /* LoaderSection.cpp */; };
		DC84561B16347770001E49E2 /* ImportedLibrary.cpp in Sources */ = {isa = PBXBuildFile; fileRef = DC8456191634776F001E49E2 /* ImportedLibrary.cpp */; };
		DC8456221634B832001E49E2 /* ImportedSymbol.cpp in Sources */ = {isa = PBXBuildFile; fileRef = DC8456201634B832001E49E2 /* ImportedSymbol.cpp */; };
		DC8456261634D409001E49E2 /* Relocation.cpp in Sources */ = {isa = PBXBuildFile; fileRef = DC8456241634D409001E49E2 /* Relocation.cpp */; };
		DC8456291634DFA5001E49E2 /* Export.cpp in Sources */ = {isa = PBXBuildFile; fileRef = DC8456271634DFA4001E49E2 /* Export.cpp */; };
		DCC3DC3516338A7900792F4A /* main.cpp in Sources */ = {isa = PBXBuildFile; fileRef = DCC3DC3416338A7900792F4A /* main.cpp */; };
		DCC3DC3716338A7900792F4A /* pefdump.1 in CopyFiles */ = {isa = PBXBuildFile; fileRef = DCC3DC3616338A7900792F4A /* pefdump.1 */; };
		DCC3DC3F16338AA700792F4A /* Structures.cpp in Sources */ = {isa = PBXBuildFile; fileRef = DCC3DC3D16338AA700792F4A /* Structures.cpp */; };
		DCC3DC4916339D5F00792F4A /* Container.cpp in Sources */ = {isa = PBXBuildFile; fileRef = DCC3DC4716339D5F00792F4A /* Container.cpp */; };
		DCC3DC4D16339ECD00792F4A /* InstantiableSection.cpp in Sources */ = {isa = PBXBuildFile; fileRef = DCC3DC4B16339ECD00792F4A /* InstantiableSection.cpp */; };
		DCC3DC501633A2B600792F4A /* FileMapper.cpp in Sources */ = {isa = PBXBuildFile; fileRef = DCC3DC4E1633A2B600792F4A /* FileMapper.cpp */; };
/* End PBXBuildFile section */

/* Begin PBXCopyFilesBuildPhase section */
		DCC3DC2E16338A7900792F4A /* CopyFiles */ = {
			isa = PBXCopyFilesBuildPhase;
			buildActionMask = 2147483647;
			dstPath = /usr/share/man/man1/;
			dstSubfolderSpec = 0;
			files = (
				DCC3DC3716338A7900792F4A /* pefdump.1 in CopyFiles */,
			);
			runOnlyForDeploymentPostprocessing = 1;
		};
/* End PBXCopyFilesBuildPhase section */

/* Begin PBXFileReference section */
		DC845613163465C7001E49E2 /* LoaderSection.cpp */ = {isa = PBXFileReference; fileEncoding = 4; lastKnownFileType = sourcecode.cpp.cpp; path = LoaderSection.cpp; sourceTree = "<group>"; };
		DC845614163465C7001E49E2 /* LoaderSection.h */ = {isa = PBXFileReference; fileEncoding = 4; lastKnownFileType = sourcecode.c.h; path = LoaderSection.h; sourceTree = "<group>"; };
		DC84561716346BB8001E49E2 /* BigEndian.h */ = {isa = PBXFileReference; fileEncoding = 4; lastKnownFileType = sourcecode.c.h; path = BigEndian.h; sourceTree = "<group>"; };
		DC8456191634776F001E49E2 /* ImportedLibrary.cpp */ = {isa = PBXFileReference; fileEncoding = 4; lastKnownFileType = sourcecode.cpp.cpp; path = ImportedLibrary.cpp; sourceTree = "<group>"; };
		DC84561A1634776F001E49E2 /* ImportedLibrary.h */ = {isa = PBXFileReference; fileEncoding = 4; lastKnownFileType = sourcecode.c.h; path = ImportedLibrary.h; sourceTree = "<group>"; };
		DC8456201634B832001E49E2 /* ImportedSymbol.cpp */ = {isa = PBXFileReference; fileEncoding = 4; lastKnownFileType = sourcecode.cpp.cpp; path = ImportedSymbol.cpp; sourceTree = "<group>"; };
		DC8456211634B832001E49E2 /* ImportedSymbol.h */ = {isa = PBXFileReference; fileEncoding = 4; lastKnownFileType = sourcecode.c.h; path = ImportedSymbol.h; sourceTree = "<group>"; };
		DC8456241634D409001E49E2 /* Relocation.cpp */ = {isa = PBXFileReference; fileEncoding = 4; lastKnownFileType = sourcecode.cpp.cpp; path = Relocation.cpp; sourceTree = "<group>"; };
		DC8456251634D409001E49E2 /* Relocation.h */ = {isa = PBXFileReference; fileEncoding = 4; lastKnownFileType = sourcecode.c.h; path = Relocation.h; sourceTree = "<group>"; };
		DC8456271634DFA4001E49E2 /* Export.cpp */ = {isa = PBXFileReference; fileEncoding = 4; lastKnownFileType = sourcecode.cpp.cpp; path = Export.cpp; sourceTree = "<group>"; };
		DC8456281634DFA5001E49E2 /* Export.h */ = {isa = PBXFileReference; fileEncoding = 4; lastKnownFileType = sourcecode.c.h; path = Export.h; sourceTree = "<group>"; };
		DCC3DC3016338A7900792F4A /* pefdump */ = {isa = PBXFileReference; explicitFileType = "compiled.mach-o.executable"; includeInIndex = 0; path = pefdump; sourceTree = BUILT_PRODUCTS_DIR; };
		DCC3DC3416338A7900792F4A /* main.cpp */ = {isa = PBXFileReference; lastKnownFileType = sourcecode.cpp.cpp; path = main.cpp; sourceTree = "<group>"; };
		DCC3DC3616338A7900792F4A /* pefdump.1 */ = {isa = PBXFileReference; lastKnownFileType = text.man; path = pefdump.1; sourceTree = "<group>"; };
		DCC3DC3D16338AA700792F4A /* Structures.cpp */ = {isa = PBXFileReference; fileEncoding = 4; lastKnownFileType = sourcecode.cpp.cpp; path = Structures.cpp; sourceTree = "<group>"; };
		DCC3DC3E16338AA700792F4A /* Structures.h */ = {isa = PBXFileReference; fileEncoding = 4; lastKnownFileType = sourcecode.c.h; path = Structures.h; sourceTree = "<group>"; };
		DCC3DC461633993700792F4A /* Endian.h */ = {isa = PBXFileReference; lastKnownFileType = sourcecode.c.h; path = Endian.h; sourceTree = "<group>"; };
		DCC3DC4716339D5F00792F4A /* Container.cpp */ = {isa = PBXFileReference; fileEncoding = 4; lastKnownFileType = sourcecode.cpp.cpp; path = Container.cpp; sourceTree = "<group>"; };
		DCC3DC4A16339DEF00792F4A /* Container.h */ = {isa = PBXFileReference; lastKnownFileType = sourcecode.c.h; path = Container.h; sourceTree = "<group>"; };
		DCC3DC4B16339ECD00792F4A /* InstantiableSection.cpp */ = {isa = PBXFileReference; fileEncoding = 4; lastKnownFileType = sourcecode.cpp.cpp; path = InstantiableSection.cpp; sourceTree = "<group>"; };
		DCC3DC4C16339ECD00792F4A /* InstantiableSection.h */ = {isa = PBXFileReference; fileEncoding = 4; lastKnownFileType = sourcecode.c.h; path = InstantiableSection.h; sourceTree = "<group>"; };
		DCC3DC4E1633A2B600792F4A /* FileMapper.cpp */ = {isa = PBXFileReference; fileEncoding = 4; lastKnownFileType = sourcecode.cpp.cpp; path = FileMapper.cpp; sourceTree = "<group>"; };
		DCC3DC4F1633A2B600792F4A /* FileMapper.h */ = {isa = PBXFileReference; fileEncoding = 4; lastKnownFileType = sourcecode.c.h; path = FileMapper.h; sourceTree = "<group>"; };
/* End PBXFileReference section */

/* Begin PBXFrameworksBuildPhase section */
		DCC3DC2D16338A7900792F4A /* Frameworks */ = {
			isa = PBXFrameworksBuildPhase;
			buildActionMask = 2147483647;
			files = (
			);
			runOnlyForDeploymentPostprocessing = 0;
		};
/* End PBXFrameworksBuildPhase section */

/* Begin PBXGroup section */
		DC84561F1634B7C6001E49E2 /* PEF */ = {
			isa = PBXGroup;
			children = (
				DCC3DC461633993700792F4A /* Endian.h */,
				DC84561716346BB8001E49E2 /* BigEndian.h */,
				DCC3DC3D16338AA700792F4A /* Structures.cpp */,
				DCC3DC3E16338AA700792F4A /* Structures.h */,
				DCC3DC4716339D5F00792F4A /* Container.cpp */,
				DCC3DC4A16339DEF00792F4A /* Container.h */,
				DCC3DC4B16339ECD00792F4A /* InstantiableSection.cpp */,
				DCC3DC4C16339ECD00792F4A /* InstantiableSection.h */,
				DC845613163465C7001E49E2 /* LoaderSection.cpp */,
				DC845614163465C7001E49E2 /* LoaderSection.h */,
				DC8456191634776F001E49E2 /* ImportedLibrary.cpp */,
				DC84561A1634776F001E49E2 /* ImportedLibrary.h */,
				DC8456201634B832001E49E2 /* ImportedSymbol.cpp */,
				DC8456211634B832001E49E2 /* ImportedSymbol.h */,
				DC8456241634D409001E49E2 /* Relocation.cpp */,
				DC8456251634D409001E49E2 /* Relocation.h */,
				DC8456271634DFA4001E49E2 /* Export.cpp */,
				DC8456281634DFA5001E49E2 /* Export.h */,
			);
			name = PEF;
			sourceTree = "<group>";
		};
		DC8456231634C00A001E49E2 /* CFM */ = {
			isa = PBXGroup;
			children = (
			);
			name = CFM;
			sourceTree = "<group>";
		};
		DCC3DC2516338A7900792F4A = {
			isa = PBXGroup;
			children = (
				DCC3DC3316338A7900792F4A /* pefdump */,
				DCC3DC3116338A7900792F4A /* Products */,
			);
			sourceTree = "<group>";
		};
		DCC3DC3116338A7900792F4A /* Products */ = {
			isa = PBXGroup;
			children = (
				DCC3DC3016338A7900792F4A /* pefdump */,
			);
			name = Products;
			sourceTree = "<group>";
		};
		DCC3DC3316338A7900792F4A /* pefdump */ = {
			isa = PBXGroup;
			children = (
				DCC3DC3416338A7900792F4A /* main.cpp */,
				DCC3DC4E1633A2B600792F4A /* FileMapper.cpp */,
				DCC3DC4F1633A2B600792F4A /* FileMapper.h */,
				DCC3DC3616338A7900792F4A /* pefdump.1 */,
				DC84561F1634B7C6001E49E2 /* PEF */,
				DC8456231634C00A001E49E2 /* CFM */,
			);
			path = pefdump;
			sourceTree = "<group>";
		};
/* End PBXGroup section */

/* Begin PBXNativeTarget section */
		DCC3DC2F16338A7900792F4A /* pefdump */ = {
			isa = PBXNativeTarget;
			buildConfigurationList = DCC3DC3A16338A7900792F4A /* Build configuration list for PBXNativeTarget "pefdump" */;
			buildPhases = (
				DCC3DC2C16338A7900792F4A /* Sources */,
				DCC3DC2D16338A7900792F4A /* Frameworks */,
				DCC3DC2E16338A7900792F4A /* CopyFiles */,
			);
			buildRules = (
			);
			dependencies = (
			);
			name = pefdump;
			productName = pefdump;
			productReference = DCC3DC3016338A7900792F4A /* pefdump */;
			productType = "com.apple.product-type.tool";
		};
/* End PBXNativeTarget section */

/* Begin PBXProject section */
		DCC3DC2716338A7900792F4A /* Project object */ = {
			isa = PBXProject;
			attributes = {
				LastUpgradeCheck = 0450;
				ORGANIZATIONNAME = "Félix";
			};
			buildConfigurationList = DCC3DC2A16338A7900792F4A /* Build configuration list for PBXProject "pefdump" */;
			compatibilityVersion = "Xcode 3.2";
			developmentRegion = English;
			hasScannedForEncodings = 0;
			knownRegions = (
				en,
			);
			mainGroup = DCC3DC2516338A7900792F4A;
			productRefGroup = DCC3DC3116338A7900792F4A /* Products */;
			projectDirPath = "";
			projectRoot = "";
			targets = (
				DCC3DC2F16338A7900792F4A /* pefdump */,
			);
		};
/* End PBXProject section */

/* Begin PBXSourcesBuildPhase section */
		DCC3DC2C16338A7900792F4A /* Sources */ = {
			isa = PBXSourcesBuildPhase;
			buildActionMask = 2147483647;
			files = (
				DCC3DC3516338A7900792F4A /* main.cpp in Sources */,
				DCC3DC3F16338AA700792F4A /* Structures.cpp in Sources */,
				DCC3DC4916339D5F00792F4A /* Container.cpp in Sources */,
				DCC3DC4D16339ECD00792F4A /* InstantiableSection.cpp in Sources */,
				DCC3DC501633A2B600792F4A /* FileMapper.cpp in Sources */,
				DC845615163465C7001E49E2 /* LoaderSection.cpp in Sources */,
				DC84561B16347770001E49E2 /* ImportedLibrary.cpp in Sources */,
				DC8456221634B832001E49E2 /* ImportedSymbol.cpp in Sources */,
				DC8456261634D409001E49E2 /* Relocation.cpp in Sources */,
				DC8456291634DFA5001E49E2 /* Export.cpp in Sources */,
			);
			runOnlyForDeploymentPostprocessing = 0;
		};
/* End PBXSourcesBuildPhase section */

/* Begin XCBuildConfiguration section */
		DCC3DC3816338A7900792F4A /* Debug */ = {
			isa = XCBuildConfiguration;
			buildSettings = {
				ALWAYS_SEARCH_USER_PATHS = NO;
				ARCHS = "$(ARCHS_STANDARD_64_BIT)";
				CLANG_CXX_LANGUAGE_STANDARD = "gnu++0x";
				CLANG_CXX_LIBRARY = "libc++";
				CLANG_WARN_EMPTY_BODY = YES;
				CLANG_WARN__DUPLICATE_METHOD_MATCH = YES;
				COPY_PHASE_STRIP = NO;
				GCC_C_LANGUAGE_STANDARD = gnu99;
				GCC_DYNAMIC_NO_PIC = NO;
				GCC_ENABLE_OBJC_EXCEPTIONS = YES;
				GCC_OPTIMIZATION_LEVEL = 0;
				GCC_PREPROCESSOR_DEFINITIONS = (
					"DEBUG=1",
					"$(inherited)",
				);
				GCC_SYMBOLS_PRIVATE_EXTERN = NO;
				GCC_WARN_64_TO_32_BIT_CONVERSION = YES;
				GCC_WARN_ABOUT_RETURN_TYPE = YES;
				GCC_WARN_UNINITIALIZED_AUTOS = YES;
				GCC_WARN_UNUSED_VARIABLE = YES;
				MACOSX_DEPLOYMENT_TARGET = 10.8;
				ONLY_ACTIVE_ARCH = YES;
				SDKROOT = macosx;
			};
			name = Debug;
		};
		DCC3DC3916338A7900792F4A /* Release */ = {
			isa = XCBuildConfiguration;
			buildSettings = {
				ALWAYS_SEARCH_USER_PATHS = NO;
				ARCHS = "$(ARCHS_STANDARD_64_BIT)";
				CLANG_CXX_LANGUAGE_STANDARD = "gnu++0x";
				CLANG_CXX_LIBRARY = "libc++";
				CLANG_WARN_EMPTY_BODY = YES;
				CLANG_WARN__DUPLICATE_METHOD_MATCH = YES;
				COPY_PHASE_STRIP = YES;
				DEBUG_INFORMATION_FORMAT = "dwarf-with-dsym";
				GCC_C_LANGUAGE_STANDARD = gnu99;
				GCC_ENABLE_OBJC_EXCEPTIONS = YES;
				GCC_WARN_64_TO_32_BIT_CONVERSION = YES;
				GCC_WARN_ABOUT_RETURN_TYPE = YES;
				GCC_WARN_UNINITIALIZED_AUTOS = YES;
				GCC_WARN_UNUSED_VARIABLE = YES;
				MACOSX_DEPLOYMENT_TARGET = 10.8;
				SDKROOT = macosx;
			};
			name = Release;
		};
		DCC3DC3B16338A7900792F4A /* Debug */ = {
			isa = XCBuildConfiguration;
			buildSettings = {
				PRODUCT_NAME = "$(TARGET_NAME)";
			};
			name = Debug;
		};
		DCC3DC3C16338A7900792F4A /* Release */ = {
			isa = XCBuildConfiguration;
			buildSettings = {
				PRODUCT_NAME = "$(TARGET_NAME)";
			};
			name = Release;
		};
/* End XCBuildConfiguration section */

/* Begin XCConfigurationList section */
		DCC3DC2A16338A7900792F4A /* Build configuration list for PBXProject "pefdump" */ = {
			isa = XCConfigurationList;
			buildConfigurations = (
				DCC3DC3816338A7900792F4A /* Debug */,
				DCC3DC3916338A7900792F4A /* Release */,
			);
			defaultConfigurationIsVisible = 0;
			defaultConfigurationName = Release;
		};
		DCC3DC3A16338A7900792F4A /* Build configuration list for PBXNativeTarget "pefdump" */ = {
			isa = XCConfigurationList;
			buildConfigurations = (
				DCC3DC3B16338A7900792F4A /* Debug */,
				DCC3DC3C16338A7900792F4A /* Release */,
			);
			defaultConfigurationIsVisible = 0;
			defaultConfigurationName = Release;
		};
/* End XCConfigurationList section */
	};
	rootObject = DCC3DC2716338A7900792F4A /* Project object */;
}
